
Microsoft Visual Studio Solution File, Format Version 12.00
# Visual Studio Version 16
VisualStudioVersion = 16.0.30413.136
MinimumVisualStudioVersion = 10.0.40219.1
Project("{FAE04EC0-301F-11D3-BF4B-00C04F79EFBC}") = "LoginModule", "LoginModule\LoginModule.csproj", "{7C744B84-7495-46F2-AB10-0F7B183F5996}"
EndProject
Global
	GlobalSection(SolutionConfigurationPlatforms) = preSolution
		Debug|Any CPU = Debug|Any CPU
		Release|Any CPU = Release|Any CPU
	EndGlobalSection
	GlobalSection(ProjectConfigurationPlatforms) = postSolution
		{7C744B84-7495-46F2-AB10-0F7B183F5996}.Debug|Any CPU.ActiveCfg = Debug|Any CPU
		{7C744B84-7495-46F2-AB10-0F7B183F5996}.Debug|Any CPU.Build.0 = Debug|Any CPU
		{7C744B84-7495-46F2-AB10-0F7B183F5996}.Release|Any CPU.ActiveCfg = Release|Any CPU
		{7C744B84-7495-46F2-AB10-0F7B183F5996}.Release|Any CPU.Build.0 = Release|Any CPU
	EndGlobalSection
	GlobalSection(SolutionProperties) = preSolution
		HideSolutionNode = FALSE
	EndGlobalSection
	GlobalSection(ExtensibilityGlobals) = postSolution
		SolutionGuid = {355D41B9-8CA5-4CED-B425-323E495A37A6}
	EndGlobalSection
EndGlobal
