
Microsoft Visual Studio Solution File, Format Version 12.00
# Visual Studio Version 16
VisualStudioVersion = 16.0.30413.136
MinimumVisualStudioVersion = 10.0.40219.1
Project("{FAE04EC0-301F-11D3-BF4B-00C04F79EFBC}") = "ExceptionHandlingInDetails", "ExceptionHandlingInDetails\ExceptionHandlingInDetails.csproj", "{29D35543-B82E-4F1F-87A7-7BF7863024F6}"
EndProject
Global
	GlobalSection(SolutionConfigurationPlatforms) = preSolution
		Debug|Any CPU = Debug|Any CPU
		Release|Any CPU = Release|Any CPU
	EndGlobalSection
	GlobalSection(ProjectConfigurationPlatforms) = postSolution
		{29D35543-B82E-4F1F-87A7-7BF7863024F6}.Debug|Any CPU.ActiveCfg = Debug|Any CPU
		{29D35543-B82E-4F1F-87A7-7BF7863024F6}.Debug|Any CPU.Build.0 = Debug|Any CPU
		{29D35543-B82E-4F1F-87A7-7BF7863024F6}.Release|Any CPU.ActiveCfg = Release|Any CPU
		{29D35543-B82E-4F1F-87A7-7BF7863024F6}.Release|Any CPU.Build.0 = Release|Any CPU
	EndGlobalSection
	GlobalSection(SolutionProperties) = preSolution
		HideSolutionNode = FALSE
	EndGlobalSection
	GlobalSection(ExtensibilityGlobals) = postSolution
		SolutionGuid = {5744EF18-87BF-403A-88D4-8AF0CA3DCABE}
	EndGlobalSection
EndGlobal
